
Microsoft Visual Studio Solution File, Format Version 12.00
# Visual Studio Version 17
VisualStudioVersion = 17.0.32112.339
MinimumVisualStudioVersion = 10.0.40219.1
Project("{2150E333-8FDC-42A3-9474-1A3956D46DE8}") = "src", "src", "{57145D94-EA0E-4FDC-92A9-D6F37863C049}"
EndProject
Project("{2150E333-8FDC-42A3-9474-1A3956D46DE8}") = "Services", "Services", "{4BC069BB-79F5-4144-9EA1-8A2840D61675}"
EndProject
Project("{2150E333-8FDC-42A3-9474-1A3956D46DE8}") = "Policy", "Policy", "{8C247CD8-AF7B-412F-8895-F2578B89F21F}"
EndProject
Project("{9A19103F-16F7-4668-BE54-9A1E7A4F7556}") = "Policy.API", "src\Services\Policy\Policy.API\Policy.API.csproj", "{71606CE5-6762-46DC-88AA-CCC393B65F48}"
EndProject
Project("{2150E333-8FDC-42A3-9474-1A3956D46DE8}") = "Customer", "Customer", "{F156367B-B326-471F-B354-636C95EDAF67}"
EndProject
Project("{FAE04EC0-301F-11D3-BF4B-00C04F79EFBC}") = "Customer.API", "src\Services\Customer\Customer.API\Customer.API.csproj", "{136A07E8-6319-4581-930C-54B70E2D3DE2}"
EndProject
Global
	GlobalSection(SolutionConfigurationPlatforms) = preSolution
		Debug|Any CPU = Debug|Any CPU
		Release|Any CPU = Release|Any CPU
	EndGlobalSection
	GlobalSection(ProjectConfigurationPlatforms) = postSolution
		{71606CE5-6762-46DC-88AA-CCC393B65F48}.Debug|Any CPU.ActiveCfg = Debug|Any CPU
		{71606CE5-6762-46DC-88AA-CCC393B65F48}.Debug|Any CPU.Build.0 = Debug|Any CPU
		{71606CE5-6762-46DC-88AA-CCC393B65F48}.Release|Any CPU.ActiveCfg = Release|Any CPU
		{71606CE5-6762-46DC-88AA-CCC393B65F48}.Release|Any CPU.Build.0 = Release|Any CPU
		{136A07E8-6319-4581-930C-54B70E2D3DE2}.Debug|Any CPU.ActiveCfg = Debug|Any CPU
		{136A07E8-6319-4581-930C-54B70E2D3DE2}.Debug|Any CPU.Build.0 = Debug|Any CPU
		{136A07E8-6319-4581-930C-54B70E2D3DE2}.Release|Any CPU.ActiveCfg = Release|Any CPU
		{136A07E8-6319-4581-930C-54B70E2D3DE2}.Release|Any CPU.Build.0 = Release|Any CPU
	EndGlobalSection
	GlobalSection(SolutionProperties) = preSolution
		HideSolutionNode = FALSE
	EndGlobalSection
	GlobalSection(NestedProjects) = preSolution
		{4BC069BB-79F5-4144-9EA1-8A2840D61675} = {57145D94-EA0E-4FDC-92A9-D6F37863C049}
		{8C247CD8-AF7B-412F-8895-F2578B89F21F} = {4BC069BB-79F5-4144-9EA1-8A2840D61675}
		{71606CE5-6762-46DC-88AA-CCC393B65F48} = {8C247CD8-AF7B-412F-8895-F2578B89F21F}
		{F156367B-B326-471F-B354-636C95EDAF67} = {4BC069BB-79F5-4144-9EA1-8A2840D61675}
		{136A07E8-6319-4581-930C-54B70E2D3DE2} = {F156367B-B326-471F-B354-636C95EDAF67}
	EndGlobalSection
	GlobalSection(ExtensibilityGlobals) = postSolution
		SolutionGuid = {E4069BCE-1C8A-43FC-A503-B7410410C7C9}
	EndGlobalSection
EndGlobal
