
Microsoft Visual Studio Solution File, Format Version 12.00
# Visual Studio Version 17
VisualStudioVersion = 17.0.32112.339
MinimumVisualStudioVersion = 10.0.40219.1
Project("{2150E333-8FDC-42A3-9474-1A3956D46DE8}") = "src", "src", "{57145D94-EA0E-4FDC-92A9-D6F37863C049}"
EndProject
Project("{2150E333-8FDC-42A3-9474-1A3956D46DE8}") = "Services", "Services", "{4BC069BB-79F5-4144-9EA1-8A2840D61675}"
EndProject
Project("{2150E333-8FDC-42A3-9474-1A3956D46DE8}") = "Policy", "Policy", "{8C247CD8-AF7B-412F-8895-F2578B89F21F}"
EndProject
Project("{9A19103F-16F7-4668-BE54-9A1E7A4F7556}") = "Policy.API", "src\Services\Policy\Policy.API\Policy.API.csproj", "{71606CE5-6762-46DC-88AA-CCC393B65F48}"
EndProject
Project("{2150E333-8FDC-42A3-9474-1A3956D46DE8}") = "Customer", "Customer", "{F156367B-B326-471F-B354-636C95EDAF67}"
EndProject
Project("{9A19103F-16F7-4668-BE54-9A1E7A4F7556}") = "Customer.API", "src\Services\Customer\Customer.API\Customer.API.csproj", "{136A07E8-6319-4581-930C-54B70E2D3DE2}"
EndProject
Project("{2150E333-8FDC-42A3-9474-1A3956D46DE8}") = "Gateways", "Gateways", "{63CFB66A-5745-467F-BBDF-CC143E72974F}"
EndProject
Project("{2150E333-8FDC-42A3-9474-1A3956D46DE8}") = "OcelotApiGateway", "OcelotApiGateway", "{32825201-BE07-4944-B608-6CCA1981FBA9}"
EndProject
Project("{9A19103F-16F7-4668-BE54-9A1E7A4F7556}") = "OcelotApiGateway", "Ocelot\OcelotApiGateway.csproj", "{1085C145-FEB8-4779-B1FE-EA6A3003E7CD}"
EndProject
Project("{2150E333-8FDC-42A3-9474-1A3956D46DE8}") = "Notification", "Notification", "{D0668619-509C-4927-9318-A2B2116804B8}"
EndProject
Project("{9A19103F-16F7-4668-BE54-9A1E7A4F7556}") = "Notification.API", "src\Services\Notification\Notification.API\Notification.API.csproj", "{D42520CC-30E1-4F16-ADED-840A5D44D4B4}"
EndProject
Project("{9A19103F-16F7-4668-BE54-9A1E7A4F7556}") = "Claim.API", "src\services\Claim\Claim.API\Claim.API.csproj", "{8EDBEC57-2350-4D73-A9A6-E75AD7FC9377}"
EndProject
Project("{2150E333-8FDC-42A3-9474-1A3956D46DE8}") = "Claim", "Claim", "{250238BD-1908-4EBC-B984-7812C4F1A400}"
EndProject
Project("{2150E333-8FDC-42A3-9474-1A3956D46DE8}") = "Reporting", "Reporting", "{3402283C-3225-4A26-9059-C5865E9C7AF8}"
EndProject
Project("{2150E333-8FDC-42A3-9474-1A3956D46DE8}") = "Appointment", "Appointment", "{241C99F3-538D-4184-B380-1F9D6419858E}"
EndProject
Project("{2150E333-8FDC-42A3-9474-1A3956D46DE8}") = "WorkshopLocator", "WorkshopLocator", "{AFE14316-F48D-4895-BBF5-FBDF1C8C51E6}"
EndProject
Project("{9A19103F-16F7-4668-BE54-9A1E7A4F7556}") = "Claim.Application", "src\Services\Claim\Claim.Application\Claim.Application.csproj", "{EF481C55-A626-4773-9E46-61BAB72EEF3B}"
EndProject
Project("{9A19103F-16F7-4668-BE54-9A1E7A4F7556}") = "Claim.Infrastructure", "src\Services\Claim\Claim.Infrastructure\Claim.Infrastructure.csproj", "{C091F2A8-4F07-4899-B4B0-09936BF222ED}"
EndProject
Project("{9A19103F-16F7-4668-BE54-9A1E7A4F7556}") = "Claim.Domain", "src\Services\Claim\Claim.Domain\Claim.Domain.csproj", "{BDC2C8B4-975D-4D1C-BDC3-068DFA0A91BA}"
EndProject
Project("{9A19103F-16F7-4668-BE54-9A1E7A4F7556}") = "Reporting.API", "src\Services\Reporting\Reporting.API\Reporting.API.csproj", "{701101EB-E9F3-4EFA-90A4-67195F31930F}"
EndProject
Project("{9A19103F-16F7-4668-BE54-9A1E7A4F7556}") = "Apointment.API", "src\Services\Apointment\Apointment.API\Apointment.API.csproj", "{2D489F23-02AB-458B-8339-0E65C21F916E}"
EndProject
Project("{9A19103F-16F7-4668-BE54-9A1E7A4F7556}") = "Workshop.API", "src\Services\WorkshopLocator\Workshop.API\Workshop.API.csproj", "{AA68BEEC-0EC1-4BDD-9BEB-FB72F6EA7668}"
EndProject
Project("{2150E333-8FDC-42A3-9474-1A3956D46DE8}") = "Document", "Document", "{927DE5EC-A47E-4882-BCA6-CACEBD738F63}"
EndProject
Project("{9A19103F-16F7-4668-BE54-9A1E7A4F7556}") = "Document.API", "src\Services\Document\Document.API\Document.API.csproj", "{F36E29CF-5B4B-4455-8F6C-6B8A51409DE5}"
EndProject
Project("{2150E333-8FDC-42A3-9474-1A3956D46DE8}") = "UserIdentity", "UserIdentity", "{CEF2DCCB-9B3D-46A0-BC82-5793F0093BF3}"
EndProject
Project("{9A19103F-16F7-4668-BE54-9A1E7A4F7556}") = "UserIdentity.API", "src\Services\UserIdentity\UserIdentity.API\UserIdentity.API.csproj", "{14CF2874-5965-4051-B55A-498E7529188A}"
EndProject
Project("{2150E333-8FDC-42A3-9474-1A3956D46DE8}") = "Frontends", "Frontends", "{8AA96C25-25BB-4E09-94DB-94E6A353BA57}"
EndProject
Project("{2150E333-8FDC-42A3-9474-1A3956D46DE8}") = "Web", "Web", "{A06C81F3-3FA1-48EC-8303-E083C0F24729}"
EndProject
Project("{FAE04EC0-301F-11D3-BF4B-00C04F79EFBC}") = "eClaims.Web", "src\Frontends\Web\eClaims.Web\eClaims.Web.csproj", "{C863D8E9-8FD4-4348-A215-AD1C07115D17}"
EndProject
Global
	GlobalSection(SolutionConfigurationPlatforms) = preSolution
		Debug|Any CPU = Debug|Any CPU
		Release|Any CPU = Release|Any CPU
	EndGlobalSection
	GlobalSection(ProjectConfigurationPlatforms) = postSolution
		{71606CE5-6762-46DC-88AA-CCC393B65F48}.Debug|Any CPU.ActiveCfg = Debug|Any CPU
		{71606CE5-6762-46DC-88AA-CCC393B65F48}.Debug|Any CPU.Build.0 = Debug|Any CPU
		{71606CE5-6762-46DC-88AA-CCC393B65F48}.Release|Any CPU.ActiveCfg = Release|Any CPU
		{71606CE5-6762-46DC-88AA-CCC393B65F48}.Release|Any CPU.Build.0 = Release|Any CPU
		{136A07E8-6319-4581-930C-54B70E2D3DE2}.Debug|Any CPU.ActiveCfg = Debug|Any CPU
		{136A07E8-6319-4581-930C-54B70E2D3DE2}.Debug|Any CPU.Build.0 = Debug|Any CPU
		{136A07E8-6319-4581-930C-54B70E2D3DE2}.Release|Any CPU.ActiveCfg = Release|Any CPU
		{136A07E8-6319-4581-930C-54B70E2D3DE2}.Release|Any CPU.Build.0 = Release|Any CPU
		{1085C145-FEB8-4779-B1FE-EA6A3003E7CD}.Debug|Any CPU.ActiveCfg = Debug|Any CPU
		{1085C145-FEB8-4779-B1FE-EA6A3003E7CD}.Debug|Any CPU.Build.0 = Debug|Any CPU
		{1085C145-FEB8-4779-B1FE-EA6A3003E7CD}.Release|Any CPU.ActiveCfg = Release|Any CPU
		{1085C145-FEB8-4779-B1FE-EA6A3003E7CD}.Release|Any CPU.Build.0 = Release|Any CPU
		{D42520CC-30E1-4F16-ADED-840A5D44D4B4}.Debug|Any CPU.ActiveCfg = Debug|Any CPU
		{D42520CC-30E1-4F16-ADED-840A5D44D4B4}.Debug|Any CPU.Build.0 = Debug|Any CPU
		{D42520CC-30E1-4F16-ADED-840A5D44D4B4}.Release|Any CPU.ActiveCfg = Release|Any CPU
		{D42520CC-30E1-4F16-ADED-840A5D44D4B4}.Release|Any CPU.Build.0 = Release|Any CPU
		{8EDBEC57-2350-4D73-A9A6-E75AD7FC9377}.Debug|Any CPU.ActiveCfg = Debug|Any CPU
		{8EDBEC57-2350-4D73-A9A6-E75AD7FC9377}.Debug|Any CPU.Build.0 = Debug|Any CPU
		{8EDBEC57-2350-4D73-A9A6-E75AD7FC9377}.Release|Any CPU.ActiveCfg = Release|Any CPU
		{8EDBEC57-2350-4D73-A9A6-E75AD7FC9377}.Release|Any CPU.Build.0 = Release|Any CPU
		{EF481C55-A626-4773-9E46-61BAB72EEF3B}.Debug|Any CPU.ActiveCfg = Debug|Any CPU
		{EF481C55-A626-4773-9E46-61BAB72EEF3B}.Debug|Any CPU.Build.0 = Debug|Any CPU
		{EF481C55-A626-4773-9E46-61BAB72EEF3B}.Release|Any CPU.ActiveCfg = Release|Any CPU
		{EF481C55-A626-4773-9E46-61BAB72EEF3B}.Release|Any CPU.Build.0 = Release|Any CPU
		{C091F2A8-4F07-4899-B4B0-09936BF222ED}.Debug|Any CPU.ActiveCfg = Debug|Any CPU
		{C091F2A8-4F07-4899-B4B0-09936BF222ED}.Debug|Any CPU.Build.0 = Debug|Any CPU
		{C091F2A8-4F07-4899-B4B0-09936BF222ED}.Release|Any CPU.ActiveCfg = Release|Any CPU
		{C091F2A8-4F07-4899-B4B0-09936BF222ED}.Release|Any CPU.Build.0 = Release|Any CPU
		{BDC2C8B4-975D-4D1C-BDC3-068DFA0A91BA}.Debug|Any CPU.ActiveCfg = Debug|Any CPU
		{BDC2C8B4-975D-4D1C-BDC3-068DFA0A91BA}.Debug|Any CPU.Build.0 = Debug|Any CPU
		{BDC2C8B4-975D-4D1C-BDC3-068DFA0A91BA}.Release|Any CPU.ActiveCfg = Release|Any CPU
		{BDC2C8B4-975D-4D1C-BDC3-068DFA0A91BA}.Release|Any CPU.Build.0 = Release|Any CPU
		{701101EB-E9F3-4EFA-90A4-67195F31930F}.Debug|Any CPU.ActiveCfg = Debug|Any CPU
		{701101EB-E9F3-4EFA-90A4-67195F31930F}.Debug|Any CPU.Build.0 = Debug|Any CPU
		{701101EB-E9F3-4EFA-90A4-67195F31930F}.Release|Any CPU.ActiveCfg = Release|Any CPU
		{701101EB-E9F3-4EFA-90A4-67195F31930F}.Release|Any CPU.Build.0 = Release|Any CPU
		{2D489F23-02AB-458B-8339-0E65C21F916E}.Debug|Any CPU.ActiveCfg = Debug|Any CPU
		{2D489F23-02AB-458B-8339-0E65C21F916E}.Debug|Any CPU.Build.0 = Debug|Any CPU
		{2D489F23-02AB-458B-8339-0E65C21F916E}.Release|Any CPU.ActiveCfg = Release|Any CPU
		{2D489F23-02AB-458B-8339-0E65C21F916E}.Release|Any CPU.Build.0 = Release|Any CPU
		{AA68BEEC-0EC1-4BDD-9BEB-FB72F6EA7668}.Debug|Any CPU.ActiveCfg = Debug|Any CPU
		{AA68BEEC-0EC1-4BDD-9BEB-FB72F6EA7668}.Debug|Any CPU.Build.0 = Debug|Any CPU
		{AA68BEEC-0EC1-4BDD-9BEB-FB72F6EA7668}.Release|Any CPU.ActiveCfg = Release|Any CPU
		{AA68BEEC-0EC1-4BDD-9BEB-FB72F6EA7668}.Release|Any CPU.Build.0 = Release|Any CPU
		{F36E29CF-5B4B-4455-8F6C-6B8A51409DE5}.Debug|Any CPU.ActiveCfg = Debug|Any CPU
		{F36E29CF-5B4B-4455-8F6C-6B8A51409DE5}.Debug|Any CPU.Build.0 = Debug|Any CPU
		{F36E29CF-5B4B-4455-8F6C-6B8A51409DE5}.Release|Any CPU.ActiveCfg = Release|Any CPU
		{F36E29CF-5B4B-4455-8F6C-6B8A51409DE5}.Release|Any CPU.Build.0 = Release|Any CPU
		{14CF2874-5965-4051-B55A-498E7529188A}.Debug|Any CPU.ActiveCfg = Debug|Any CPU
		{14CF2874-5965-4051-B55A-498E7529188A}.Debug|Any CPU.Build.0 = Debug|Any CPU
		{14CF2874-5965-4051-B55A-498E7529188A}.Release|Any CPU.ActiveCfg = Release|Any CPU
		{14CF2874-5965-4051-B55A-498E7529188A}.Release|Any CPU.Build.0 = Release|Any CPU
		{C863D8E9-8FD4-4348-A215-AD1C07115D17}.Debug|Any CPU.ActiveCfg = Debug|Any CPU
		{C863D8E9-8FD4-4348-A215-AD1C07115D17}.Debug|Any CPU.Build.0 = Debug|Any CPU
		{C863D8E9-8FD4-4348-A215-AD1C07115D17}.Release|Any CPU.ActiveCfg = Release|Any CPU
		{C863D8E9-8FD4-4348-A215-AD1C07115D17}.Release|Any CPU.Build.0 = Release|Any CPU
	EndGlobalSection
	GlobalSection(SolutionProperties) = preSolution
		HideSolutionNode = FALSE
	EndGlobalSection
	GlobalSection(NestedProjects) = preSolution
		{4BC069BB-79F5-4144-9EA1-8A2840D61675} = {57145D94-EA0E-4FDC-92A9-D6F37863C049}
		{8C247CD8-AF7B-412F-8895-F2578B89F21F} = {4BC069BB-79F5-4144-9EA1-8A2840D61675}
		{71606CE5-6762-46DC-88AA-CCC393B65F48} = {8C247CD8-AF7B-412F-8895-F2578B89F21F}
		{F156367B-B326-471F-B354-636C95EDAF67} = {4BC069BB-79F5-4144-9EA1-8A2840D61675}
		{136A07E8-6319-4581-930C-54B70E2D3DE2} = {F156367B-B326-471F-B354-636C95EDAF67}
		{63CFB66A-5745-467F-BBDF-CC143E72974F} = {57145D94-EA0E-4FDC-92A9-D6F37863C049}
		{32825201-BE07-4944-B608-6CCA1981FBA9} = {63CFB66A-5745-467F-BBDF-CC143E72974F}
		{1085C145-FEB8-4779-B1FE-EA6A3003E7CD} = {32825201-BE07-4944-B608-6CCA1981FBA9}
		{D0668619-509C-4927-9318-A2B2116804B8} = {4BC069BB-79F5-4144-9EA1-8A2840D61675}
		{D42520CC-30E1-4F16-ADED-840A5D44D4B4} = {D0668619-509C-4927-9318-A2B2116804B8}
		{8EDBEC57-2350-4D73-A9A6-E75AD7FC9377} = {250238BD-1908-4EBC-B984-7812C4F1A400}
		{250238BD-1908-4EBC-B984-7812C4F1A400} = {4BC069BB-79F5-4144-9EA1-8A2840D61675}
		{3402283C-3225-4A26-9059-C5865E9C7AF8} = {4BC069BB-79F5-4144-9EA1-8A2840D61675}
		{241C99F3-538D-4184-B380-1F9D6419858E} = {4BC069BB-79F5-4144-9EA1-8A2840D61675}
		{AFE14316-F48D-4895-BBF5-FBDF1C8C51E6} = {4BC069BB-79F5-4144-9EA1-8A2840D61675}
		{EF481C55-A626-4773-9E46-61BAB72EEF3B} = {250238BD-1908-4EBC-B984-7812C4F1A400}
		{C091F2A8-4F07-4899-B4B0-09936BF222ED} = {250238BD-1908-4EBC-B984-7812C4F1A400}
		{BDC2C8B4-975D-4D1C-BDC3-068DFA0A91BA} = {250238BD-1908-4EBC-B984-7812C4F1A400}
		{701101EB-E9F3-4EFA-90A4-67195F31930F} = {3402283C-3225-4A26-9059-C5865E9C7AF8}
		{2D489F23-02AB-458B-8339-0E65C21F916E} = {241C99F3-538D-4184-B380-1F9D6419858E}
		{AA68BEEC-0EC1-4BDD-9BEB-FB72F6EA7668} = {AFE14316-F48D-4895-BBF5-FBDF1C8C51E6}
		{927DE5EC-A47E-4882-BCA6-CACEBD738F63} = {4BC069BB-79F5-4144-9EA1-8A2840D61675}
		{F36E29CF-5B4B-4455-8F6C-6B8A51409DE5} = {927DE5EC-A47E-4882-BCA6-CACEBD738F63}
		{CEF2DCCB-9B3D-46A0-BC82-5793F0093BF3} = {4BC069BB-79F5-4144-9EA1-8A2840D61675}
		{14CF2874-5965-4051-B55A-498E7529188A} = {CEF2DCCB-9B3D-46A0-BC82-5793F0093BF3}
		{8AA96C25-25BB-4E09-94DB-94E6A353BA57} = {57145D94-EA0E-4FDC-92A9-D6F37863C049}
		{A06C81F3-3FA1-48EC-8303-E083C0F24729} = {8AA96C25-25BB-4E09-94DB-94E6A353BA57}
		{C863D8E9-8FD4-4348-A215-AD1C07115D17} = {A06C81F3-3FA1-48EC-8303-E083C0F24729}
	EndGlobalSection
	GlobalSection(ExtensibilityGlobals) = postSolution
		SolutionGuid = {E4069BCE-1C8A-43FC-A503-B7410410C7C9}
	EndGlobalSection
EndGlobal
